
Microsoft Visual Studio Solution File, Format Version 12.00
# Visual Studio Express 2012 for Windows Desktop
Project("{FAE04EC0-301F-11D3-BF4B-00C04F79EFBC}") = "Salesman", "Graf\Salesman.csproj", "{BBCA7398-6C98-4CC8-B81F-C517CEAD15C1}"
EndProject
Global
	GlobalSection(SolutionConfigurationPlatforms) = preSolution
		Debug|Any CPU = Debug|Any CPU
		Release|Any CPU = Release|Any CPU
	EndGlobalSection
	GlobalSection(ProjectConfigurationPlatforms) = postSolution
		{BBCA7398-6C98-4CC8-B81F-C517CEAD15C1}.Debug|Any CPU.ActiveCfg = Debug|Any CPU
		{BBCA7398-6C98-4CC8-B81F-C517CEAD15C1}.Debug|Any CPU.Build.0 = Debug|Any CPU
		{BBCA7398-6C98-4CC8-B81F-C517CEAD15C1}.Release|Any CPU.ActiveCfg = Release|Any CPU
		{BBCA7398-6C98-4CC8-B81F-C517CEAD15C1}.Release|Any CPU.Build.0 = Release|Any CPU
	EndGlobalSection
	GlobalSection(SolutionProperties) = preSolution
		HideSolutionNode = FALSE
	EndGlobalSection
EndGlobal
